// !$*UTF8*$!
{
	archiveVersion = 1;
	classes = {
	};
	objectVersion = 56;
	objects = {

/* Begin PBXBuildFile section */
		68764F122A99C28700225A70 /* AppDelegate.swift in Sources */ = {isa = PBXBuildFile; fileRef = 68764F112A99C28700225A70 /* AppDelegate.swift */; };
		68764F142A99C28700225A70 /* SceneDelegate.swift in Sources */ = {isa = PBXBuildFile; fileRef = 68764F132A99C28700225A70 /* SceneDelegate.swift */; };
		68764F162A99C28700225A70 /* MainViewController.swift in Sources */ = {isa = PBXBuildFile; fileRef = 68764F152A99C28700225A70 /* MainViewController.swift */; };
		68764F192A99C28700225A70 /* Main.storyboard in Resources */ = {isa = PBXBuildFile; fileRef = 68764F172A99C28700225A70 /* Main.storyboard */; };
		68764F1B2A99C28800225A70 /* Assets.xcassets in Resources */ = {isa = PBXBuildFile; fileRef = 68764F1A2A99C28800225A70 /* Assets.xcassets */; };
		68764F1E2A99C28800225A70 /* LaunchScreen.storyboard in Resources */ = {isa = PBXBuildFile; fileRef = 68764F1C2A99C28800225A70 /* LaunchScreen.storyboard */; };
		68764F262A99CFD100225A70 /* TodoAllViewController.swift in Sources */ = {isa = PBXBuildFile; fileRef = 68764F252A99CFD100225A70 /* TodoAllViewController.swift */; };
		68764F282A99E61A00225A70 /* CompleteTodoViewController.swift in Sources */ = {isa = PBXBuildFile; fileRef = 68764F272A99E61A00225A70 /* CompleteTodoViewController.swift */; };
		68764F2C2A99F72600225A70 /* TodoAllTableViewCell.swift in Sources */ = {isa = PBXBuildFile; fileRef = 68764F2B2A99F72600225A70 /* TodoAllTableViewCell.swift */; };
		68764F2E2A99F81300225A70 /* CompleteTableViewCell.swift in Sources */ = {isa = PBXBuildFile; fileRef = 68764F2D2A99F81300225A70 /* CompleteTableViewCell.swift */; };
		68764F332A99F8D100225A70 /* Todo.swift in Sources */ = {isa = PBXBuildFile; fileRef = 68764F322A99F8D100225A70 /* Todo.swift */; };
		68764F352A99F8EB00225A70 /* TodoManager.swift in Sources */ = {isa = PBXBuildFile; fileRef = 68764F342A99F8EB00225A70 /* TodoManager.swift */; };
		68764F372A9EECE000225A70 /* NewTodoAddViewController.swift in Sources */ = {isa = PBXBuildFile; fileRef = 68764F362A9EECE000225A70 /* NewTodoAddViewController.swift */; };
/* End PBXBuildFile section */

/* Begin PBXFileReference section */
		68764F0E2A99C28700225A70 /* Todo-Code.app */ = {isa = PBXFileReference; explicitFileType = wrapper.application; includeInIndex = 0; path = "Todo-Code.app"; sourceTree = BUILT_PRODUCTS_DIR; };
		68764F112A99C28700225A70 /* AppDelegate.swift */ = {isa = PBXFileReference; lastKnownFileType = sourcecode.swift; path = AppDelegate.swift; sourceTree = "<group>"; };
		68764F132A99C28700225A70 /* SceneDelegate.swift */ = {isa = PBXFileReference; lastKnownFileType = sourcecode.swift; path = SceneDelegate.swift; sourceTree = "<group>"; };
		68764F152A99C28700225A70 /* MainViewController.swift */ = {isa = PBXFileReference; lastKnownFileType = sourcecode.swift; path = MainViewController.swift; sourceTree = "<group>"; };
		68764F182A99C28700225A70 /* Base */ = {isa = PBXFileReference; lastKnownFileType = file.storyboard; name = Base; path = Base.lproj/Main.storyboard; sourceTree = "<group>"; };
		68764F1A2A99C28800225A70 /* Assets.xcassets */ = {isa = PBXFileReference; lastKnownFileType = folder.assetcatalog; path = Assets.xcassets; sourceTree = "<group>"; };
		68764F1D2A99C28800225A70 /* Base */ = {isa = PBXFileReference; lastKnownFileType = file.storyboard; name = Base; path = Base.lproj/LaunchScreen.storyboard; sourceTree = "<group>"; };
		68764F1F2A99C28800225A70 /* Info.plist */ = {isa = PBXFileReference; lastKnownFileType = text.plist.xml; path = Info.plist; sourceTree = "<group>"; };
		68764F252A99CFD100225A70 /* TodoAllViewController.swift */ = {isa = PBXFileReference; lastKnownFileType = sourcecode.swift; path = TodoAllViewController.swift; sourceTree = "<group>"; };
		68764F272A99E61A00225A70 /* CompleteTodoViewController.swift */ = {isa = PBXFileReference; lastKnownFileType = sourcecode.swift; path = CompleteTodoViewController.swift; sourceTree = "<group>"; };
		68764F2B2A99F72600225A70 /* TodoAllTableViewCell.swift */ = {isa = PBXFileReference; lastKnownFileType = sourcecode.swift; path = TodoAllTableViewCell.swift; sourceTree = "<group>"; };
		68764F2D2A99F81300225A70 /* CompleteTableViewCell.swift */ = {isa = PBXFileReference; lastKnownFileType = sourcecode.swift; path = CompleteTableViewCell.swift; sourceTree = "<group>"; };
		68764F322A99F8D100225A70 /* Todo.swift */ = {isa = PBXFileReference; lastKnownFileType = sourcecode.swift; path = Todo.swift; sourceTree = "<group>"; };
		68764F342A99F8EB00225A70 /* TodoManager.swift */ = {isa = PBXFileReference; lastKnownFileType = sourcecode.swift; path = TodoManager.swift; sourceTree = "<group>"; };
		68764F362A9EECE000225A70 /* NewTodoAddViewController.swift */ = {isa = PBXFileReference; lastKnownFileType = sourcecode.swift; path = NewTodoAddViewController.swift; sourceTree = "<group>"; };
/* End PBXFileReference section */

/* Begin PBXFrameworksBuildPhase section */
		68764F0B2A99C28700225A70 /* Frameworks */ = {
			isa = PBXFrameworksBuildPhase;
			buildActionMask = 2147483647;
			files = (
			);
			runOnlyForDeploymentPostprocessing = 0;
		};
/* End PBXFrameworksBuildPhase section */

/* Begin PBXGroup section */
		68764F052A99C28700225A70 = {
			isa = PBXGroup;
			children = (
				68764F102A99C28700225A70 /* Todo-Code */,
				68764F0F2A99C28700225A70 /* Products */,
			);
			sourceTree = "<group>";
		};
		68764F0F2A99C28700225A70 /* Products */ = {
			isa = PBXGroup;
			children = (
				68764F0E2A99C28700225A70 /* Todo-Code.app */,
			);
			name = Products;
			sourceTree = "<group>";
		};
		68764F102A99C28700225A70 /* Todo-Code */ = {
			isa = PBXGroup;
			children = (
				68764F112A99C28700225A70 /* AppDelegate.swift */,
				68764F132A99C28700225A70 /* SceneDelegate.swift */,
				68764F2F2A99F85E00225A70 /* Model */,
				68764F302A99F86E00225A70 /* View */,
				68764F312A99F87600225A70 /* Controller */,
				68764F1A2A99C28800225A70 /* Assets.xcassets */,
				68764F172A99C28700225A70 /* Main.storyboard */,
				68764F1C2A99C28800225A70 /* LaunchScreen.storyboard */,
				68764F1F2A99C28800225A70 /* Info.plist */,
			);
			path = "Todo-Code";
			sourceTree = "<group>";
		};
		68764F2F2A99F85E00225A70 /* Model */ = {
			isa = PBXGroup;
			children = (
				68764F322A99F8D100225A70 /* Todo.swift */,
				68764F342A99F8EB00225A70 /* TodoManager.swift */,
			);
			path = Model;
			sourceTree = "<group>";
		};
		68764F302A99F86E00225A70 /* View */ = {
			isa = PBXGroup;
			children = (
				68764F2B2A99F72600225A70 /* TodoAllTableViewCell.swift */,
				68764F2D2A99F81300225A70 /* CompleteTableViewCell.swift */,
			);
			path = View;
			sourceTree = "<group>";
		};
		68764F312A99F87600225A70 /* Controller */ = {
			isa = PBXGroup;
			children = (
				68764F152A99C28700225A70 /* MainViewController.swift */,
				68764F252A99CFD100225A70 /* TodoAllViewController.swift */,
				68764F362A9EECE000225A70 /* NewTodoAddViewController.swift */,
				68764F272A99E61A00225A70 /* CompleteTodoViewController.swift */,
			);
			path = Controller;
			sourceTree = "<group>";
		};
/* End PBXGroup section */

/* Begin PBXNativeTarget section */
		68764F0D2A99C28700225A70 /* Todo-Code */ = {
			isa = PBXNativeTarget;
			buildConfigurationList = 68764F222A99C28800225A70 /* Build configuration list for PBXNativeTarget "Todo-Code" */;
			buildPhases = (
				68764F0A2A99C28700225A70 /* Sources */,
				68764F0B2A99C28700225A70 /* Frameworks */,
				68764F0C2A99C28700225A70 /* Resources */,
			);
			buildRules = (
			);
			dependencies = (
			);
			name = "Todo-Code";
			productName = "Todo-Code";
			productReference = 68764F0E2A99C28700225A70 /* Todo-Code.app */;
			productType = "com.apple.product-type.application";
		};
/* End PBXNativeTarget section */

/* Begin PBXProject section */
		68764F062A99C28700225A70 /* Project object */ = {
			isa = PBXProject;
			attributes = {
				BuildIndependentTargetsInParallel = 1;
				LastSwiftUpdateCheck = 1430;
				LastUpgradeCheck = 1430;
				TargetAttributes = {
					68764F0D2A99C28700225A70 = {
						CreatedOnToolsVersion = 14.3.1;
					};
				};
			};
			buildConfigurationList = 68764F092A99C28700225A70 /* Build configuration list for PBXProject "Todo-Code" */;
			compatibilityVersion = "Xcode 14.0";
			developmentRegion = en;
			hasScannedForEncodings = 0;
			knownRegions = (
				en,
				Base,
			);
			mainGroup = 68764F052A99C28700225A70;
			productRefGroup = 68764F0F2A99C28700225A70 /* Products */;
			projectDirPath = "";
			projectRoot = "";
			targets = (
				68764F0D2A99C28700225A70 /* Todo-Code */,
			);
		};
/* End PBXProject section */

/* Begin PBXResourcesBuildPhase section */
		68764F0C2A99C28700225A70 /* Resources */ = {
			isa = PBXResourcesBuildPhase;
			buildActionMask = 2147483647;
			files = (
				68764F1E2A99C28800225A70 /* LaunchScreen.storyboard in Resources */,
				68764F1B2A99C28800225A70 /* Assets.xcassets in Resources */,
				68764F192A99C28700225A70 /* Main.storyboard in Resources */,
			);
			runOnlyForDeploymentPostprocessing = 0;
		};
/* End PBXResourcesBuildPhase section */

/* Begin PBXSourcesBuildPhase section */
		68764F0A2A99C28700225A70 /* Sources */ = {
			isa = PBXSourcesBuildPhase;
			buildActionMask = 2147483647;
			files = (
				68764F262A99CFD100225A70 /* TodoAllViewController.swift in Sources */,
				68764F162A99C28700225A70 /* MainViewController.swift in Sources */,
				68764F122A99C28700225A70 /* AppDelegate.swift in Sources */,
				68764F142A99C28700225A70 /* SceneDelegate.swift in Sources */,
				68764F282A99E61A00225A70 /* CompleteTodoViewController.swift in Sources */,
				68764F372A9EECE000225A70 /* NewTodoAddViewController.swift in Sources */,
				68764F332A99F8D100225A70 /* Todo.swift in Sources */,
				68764F2C2A99F72600225A70 /* TodoAllTableViewCell.swift in Sources */,
				68764F352A99F8EB00225A70 /* TodoManager.swift in Sources */,
				68764F2E2A99F81300225A70 /* CompleteTableViewCell.swift in Sources */,
			);
			runOnlyForDeploymentPostprocessing = 0;
		};
/* End PBXSourcesBuildPhase section */

/* Begin PBXVariantGroup section */
		68764F172A99C28700225A70 /* Main.storyboard */ = {
			isa = PBXVariantGroup;
			children = (
				68764F182A99C28700225A70 /* Base */,
			);
			name = Main.storyboard;
			sourceTree = "<group>";
		};
		68764F1C2A99C28800225A70 /* LaunchScreen.storyboard */ = {
			isa = PBXVariantGroup;
			children = (
				68764F1D2A99C28800225A70 /* Base */,
			);
			name = LaunchScreen.storyboard;
			sourceTree = "<group>";
		};
/* End PBXVariantGroup section */

/* Begin XCBuildConfiguration section */
		68764F202A99C28800225A70 /* Debug */ = {
			isa = XCBuildConfiguration;
			buildSettings = {
				ALWAYS_SEARCH_USER_PATHS = NO;
				CLANG_ANALYZER_NONNULL = YES;
				CLANG_ANALYZER_NUMBER_OBJECT_CONVERSION = YES_AGGRESSIVE;
				CLANG_CXX_LANGUAGE_STANDARD = "gnu++20";
				CLANG_ENABLE_MODULES = YES;
				CLANG_ENABLE_OBJC_ARC = YES;
				CLANG_ENABLE_OBJC_WEAK = YES;
				CLANG_WARN_BLOCK_CAPTURE_AUTORELEASING = YES;
				CLANG_WARN_BOOL_CONVERSION = YES;
				CLANG_WARN_COMMA = YES;
				CLANG_WARN_CONSTANT_CONVERSION = YES;
				CLANG_WARN_DEPRECATED_OBJC_IMPLEMENTATIONS = YES;
				CLANG_WARN_DIRECT_OBJC_ISA_USAGE = YES_ERROR;
				CLANG_WARN_DOCUMENTATION_COMMENTS = YES;
				CLANG_WARN_EMPTY_BODY = YES;
				CLANG_WARN_ENUM_CONVERSION = YES;
				CLANG_WARN_INFINITE_RECURSION = YES;
				CLANG_WARN_INT_CONVERSION = YES;
				CLANG_WARN_NON_LITERAL_NULL_CONVERSION = YES;
				CLANG_WARN_OBJC_IMPLICIT_RETAIN_SELF = YES;
				CLANG_WARN_OBJC_LITERAL_CONVERSION = YES;
				CLANG_WARN_OBJC_ROOT_CLASS = YES_ERROR;
				CLANG_WARN_QUOTED_INCLUDE_IN_FRAMEWORK_HEADER = YES;
				CLANG_WARN_RANGE_LOOP_ANALYSIS = YES;
				CLANG_WARN_STRICT_PROTOTYPES = YES;
				CLANG_WARN_SUSPICIOUS_MOVE = YES;
				CLANG_WARN_UNGUARDED_AVAILABILITY = YES_AGGRESSIVE;
				CLANG_WARN_UNREACHABLE_CODE = YES;
				CLANG_WARN__DUPLICATE_METHOD_MATCH = YES;
				COPY_PHASE_STRIP = NO;
				DEBUG_INFORMATION_FORMAT = dwarf;
				ENABLE_STRICT_OBJC_MSGSEND = YES;
				ENABLE_TESTABILITY = YES;
				GCC_C_LANGUAGE_STANDARD = gnu11;
				GCC_DYNAMIC_NO_PIC = NO;
				GCC_NO_COMMON_BLOCKS = YES;
				GCC_OPTIMIZATION_LEVEL = 0;
				GCC_PREPROCESSOR_DEFINITIONS = (
					"DEBUG=1",
					"$(inherited)",
				);
				GCC_WARN_64_TO_32_BIT_CONVERSION = YES;
				GCC_WARN_ABOUT_RETURN_TYPE = YES_ERROR;
				GCC_WARN_UNDECLARED_SELECTOR = YES;
				GCC_WARN_UNINITIALIZED_AUTOS = YES_AGGRESSIVE;
				GCC_WARN_UNUSED_FUNCTION = YES;
				GCC_WARN_UNUSED_VARIABLE = YES;
				IPHONEOS_DEPLOYMENT_TARGET = 16.4;
				MTL_ENABLE_DEBUG_INFO = INCLUDE_SOURCE;
				MTL_FAST_MATH = YES;
				ONLY_ACTIVE_ARCH = YES;
				SDKROOT = iphoneos;
				SWIFT_ACTIVE_COMPILATION_CONDITIONS = DEBUG;
				SWIFT_OPTIMIZATION_LEVEL = "-Onone";
			};
			name = Debug;
		};
		68764F212A99C28800225A70 /* Release */ = {
			isa = XCBuildConfiguration;
			buildSettings = {
				ALWAYS_SEARCH_USER_PATHS = NO;
				CLANG_ANALYZER_NONNULL = YES;
				CLANG_ANALYZER_NUMBER_OBJECT_CONVERSION = YES_AGGRESSIVE;
				CLANG_CXX_LANGUAGE_STANDARD = "gnu++20";
				CLANG_ENABLE_MODULES = YES;
				CLANG_ENABLE_OBJC_ARC = YES;
				CLANG_ENABLE_OBJC_WEAK = YES;
				CLANG_WARN_BLOCK_CAPTURE_AUTORELEASING = YES;
				CLANG_WARN_BOOL_CONVERSION = YES;
				CLANG_WARN_COMMA = YES;
				CLANG_WARN_CONSTANT_CONVERSION = YES;
				CLANG_WARN_DEPRECATED_OBJC_IMPLEMENTATIONS = YES;
				CLANG_WARN_DIRECT_OBJC_ISA_USAGE = YES_ERROR;
				CLANG_WARN_DOCUMENTATION_COMMENTS = YES;
				CLANG_WARN_EMPTY_BODY = YES;
				CLANG_WARN_ENUM_CONVERSION = YES;
				CLANG_WARN_INFINITE_RECURSION = YES;
				CLANG_WARN_INT_CONVERSION = YES;
				CLANG_WARN_NON_LITERAL_NULL_CONVERSION = YES;
				CLANG_WARN_OBJC_IMPLICIT_RETAIN_SELF = YES;
				CLANG_WARN_OBJC_LITERAL_CONVERSION = YES;
				CLANG_WARN_OBJC_ROOT_CLASS = YES_ERROR;
				CLANG_WARN_QUOTED_INCLUDE_IN_FRAMEWORK_HEADER = YES;
				CLANG_WARN_RANGE_LOOP_ANALYSIS = YES;
				CLANG_WARN_STRICT_PROTOTYPES = YES;
				CLANG_WARN_SUSPICIOUS_MOVE = YES;
				CLANG_WARN_UNGUARDED_AVAILABILITY = YES_AGGRESSIVE;
				CLANG_WARN_UNREACHABLE_CODE = YES;
				CLANG_WARN__DUPLICATE_METHOD_MATCH = YES;
				COPY_PHASE_STRIP = NO;
				DEBUG_INFORMATION_FORMAT = "dwarf-with-dsym";
				ENABLE_NS_ASSERTIONS = NO;
				ENABLE_STRICT_OBJC_MSGSEND = YES;
				GCC_C_LANGUAGE_STANDARD = gnu11;
				GCC_NO_COMMON_BLOCKS = YES;
				GCC_WARN_64_TO_32_BIT_CONVERSION = YES;
				GCC_WARN_ABOUT_RETURN_TYPE = YES_ERROR;
				GCC_WARN_UNDECLARED_SELECTOR = YES;
				GCC_WARN_UNINITIALIZED_AUTOS = YES_AGGRESSIVE;
				GCC_WARN_UNUSED_FUNCTION = YES;
				GCC_WARN_UNUSED_VARIABLE = YES;
				IPHONEOS_DEPLOYMENT_TARGET = 16.4;
				MTL_ENABLE_DEBUG_INFO = NO;
				MTL_FAST_MATH = YES;
				SDKROOT = iphoneos;
				SWIFT_COMPILATION_MODE = wholemodule;
				SWIFT_OPTIMIZATION_LEVEL = "-O";
				VALIDATE_PRODUCT = YES;
			};
			name = Release;
		};
		68764F232A99C28800225A70 /* Debug */ = {
			isa = XCBuildConfiguration;
			buildSettings = {
				ASSETCATALOG_COMPILER_APPICON_NAME = AppIcon;
				ASSETCATALOG_COMPILER_GLOBAL_ACCENT_COLOR_NAME = AccentColor;
				ASSETCATALOG_COMPILER_INCLUDE_ALL_APPICON_ASSETS = YES;
				CODE_SIGN_STYLE = Automatic;
				CURRENT_PROJECT_VERSION = 1;
				GENERATE_INFOPLIST_FILE = YES;
				INFOPLIST_FILE = "Todo-Code/Info.plist";
				INFOPLIST_KEY_UIApplicationSupportsIndirectInputEvents = YES;
				INFOPLIST_KEY_UILaunchStoryboardName = LaunchScreen;
				INFOPLIST_KEY_UIMainStoryboardFile = Main;
				INFOPLIST_KEY_UISupportedInterfaceOrientations_iPad = "UIInterfaceOrientationPortrait UIInterfaceOrientationPortraitUpsideDown UIInterfaceOrientationLandscapeLeft UIInterfaceOrientationLandscapeRight";
				INFOPLIST_KEY_UISupportedInterfaceOrientations_iPhone = "UIInterfaceOrientationPortrait UIInterfaceOrientationLandscapeLeft UIInterfaceOrientationLandscapeRight";
				IPHONEOS_DEPLOYMENT_TARGET = 15.0;
				LD_RUNPATH_SEARCH_PATHS = (
					"$(inherited)",
					"@executable_path/Frameworks",
				);
				MARKETING_VERSION = 1.0;
				PRODUCT_BUNDLE_IDENTIFIER = "swift.com.Todo-Code";
				PRODUCT_NAME = "$(TARGET_NAME)";
				SWIFT_EMIT_LOC_STRINGS = YES;
				SWIFT_VERSION = 5.0;
				TARGETED_DEVICE_FAMILY = "1,2";
			};
			name = Debug;
		};
		68764F242A99C28800225A70 /* Release */ = {
			isa = XCBuildConfiguration;
			buildSettings = {
				ASSETCATALOG_COMPILER_APPICON_NAME = AppIcon;
				ASSETCATALOG_COMPILER_GLOBAL_ACCENT_COLOR_NAME = AccentColor;
				ASSETCATALOG_COMPILER_INCLUDE_ALL_APPICON_ASSETS = YES;
				CODE_SIGN_STYLE = Automatic;
				CURRENT_PROJECT_VERSION = 1;
				GENERATE_INFOPLIST_FILE = YES;
				INFOPLIST_FILE = "Todo-Code/Info.plist";
				INFOPLIST_KEY_UIApplicationSupportsIndirectInputEvents = YES;
				INFOPLIST_KEY_UILaunchStoryboardName = LaunchScreen;
				INFOPLIST_KEY_UIMainStoryboardFile = Main;
				INFOPLIST_KEY_UISupportedInterfaceOrientations_iPad = "UIInterfaceOrientationPortrait UIInterfaceOrientationPortraitUpsideDown UIInterfaceOrientationLandscapeLeft UIInterfaceOrientationLandscapeRight";
				INFOPLIST_KEY_UISupportedInterfaceOrientations_iPhone = "UIInterfaceOrientationPortrait UIInterfaceOrientationLandscapeLeft UIInterfaceOrientationLandscapeRight";
				IPHONEOS_DEPLOYMENT_TARGET = 15.0;
				LD_RUNPATH_SEARCH_PATHS = (
					"$(inherited)",
					"@executable_path/Frameworks",
				);
				MARKETING_VERSION = 1.0;
				PRODUCT_BUNDLE_IDENTIFIER = "swift.com.Todo-Code";
				PRODUCT_NAME = "$(TARGET_NAME)";
				SWIFT_EMIT_LOC_STRINGS = YES;
				SWIFT_VERSION = 5.0;
				TARGETED_DEVICE_FAMILY = "1,2";
			};
			name = Release;
		};
/* End XCBuildConfiguration section */

/* Begin XCConfigurationList section */
		68764F092A99C28700225A70 /* Build configuration list for PBXProject "Todo-Code" */ = {
			isa = XCConfigurationList;
			buildConfigurations = (
				68764F202A99C28800225A70 /* Debug */,
				68764F212A99C28800225A70 /* Release */,
			);
			defaultConfigurationIsVisible = 0;
			defaultConfigurationName = Release;
		};
		68764F222A99C28800225A70 /* Build configuration list for PBXNativeTarget "Todo-Code" */ = {
			isa = XCConfigurationList;
			buildConfigurations = (
				68764F232A99C28800225A70 /* Debug */,
				68764F242A99C28800225A70 /* Release */,
			);
			defaultConfigurationIsVisible = 0;
			defaultConfigurationName = Release;
		};
/* End XCConfigurationList section */
	};
	rootObject = 68764F062A99C28700225A70 /* Project object */;
}
